
Microsoft Visual Studio Solution File, Format Version 12.00
# Visual Studio Version 17
VisualStudioVersion = 17.3.32825.248
MinimumVisualStudioVersion = 10.0.40219.1
Project("{FAE04EC0-301F-11D3-BF4B-00C04F79EFBC}") = "u18070575_HW6", "u18070575_HW6\u18070575_HW6.csproj", "{55F17CB3-41F0-435C-BC9D-A500C8A3B982}"
EndProject
Global
	GlobalSection(SolutionConfigurationPlatforms) = preSolution
		Debug|Any CPU = Debug|Any CPU
		Release|Any CPU = Release|Any CPU
	EndGlobalSection
	GlobalSection(ProjectConfigurationPlatforms) = postSolution
		{55F17CB3-41F0-435C-BC9D-A500C8A3B982}.Debug|Any CPU.ActiveCfg = Debug|Any CPU
		{55F17CB3-41F0-435C-BC9D-A500C8A3B982}.Debug|Any CPU.Build.0 = Debug|Any CPU
		{55F17CB3-41F0-435C-BC9D-A500C8A3B982}.Release|Any CPU.ActiveCfg = Release|Any CPU
		{55F17CB3-41F0-435C-BC9D-A500C8A3B982}.Release|Any CPU.Build.0 = Release|Any CPU
	EndGlobalSection
	GlobalSection(SolutionProperties) = preSolution
		HideSolutionNode = FALSE
	EndGlobalSection
	GlobalSection(ExtensibilityGlobals) = postSolution
		SolutionGuid = {B8E50BDE-9A0C-4585-B053-EA0F7275EE50}
	EndGlobalSection
EndGlobal
